{
  "name": "casino",
  "version": "1.0.0",
  "lockfileVersion": 3,
  "requires": true,
  "packages": {
    "": {
      "name": "casino",
      "version": "1.0.0",
      "license": "ISC",
      "dependencies": {
        "mersennetwister": "^0.2.3"
      }
    },
    "node_modules/mersennetwister": {
      "version": "0.2.3",
      "resolved": "https://registry.npmjs.org/mersennetwister/-/mersennetwister-0.2.3.tgz",
      "integrity": "sha512-r/Lx4L1jqZu8dsbDqw2d+EgRXf4F/yLTUbuMHUstDge9EsLAlANEvooy1u4YcgLOCV7GEmpxMGKtIhxFhhJqNA==",
      "license": "BSD-3-Clause"
    }
  }
}
